
Microsoft Visual Studio Solution File, Format Version 12.00
# Visual Studio Version 17
VisualStudioVersion = 17.4.33122.133
MinimumVisualStudioVersion = 10.0.40219.1
Project("{9A19103F-16F7-4668-BE54-9A1E7A4F7556}") = "ConsoleApp", "ConsoleApp\ConsoleApp.csproj", "{E0A3AB43-7B1C-404A-9FB4-01F273473BEA}"
EndProject
Project("{9A19103F-16F7-4668-BE54-9A1E7A4F7556}") = "LlamaDash.NugetLibrary", "NugetLibrary\LlamaDash.NugetLibrary.csproj", "{38DFF658-8D7A-4DE6-A602-2E923632E582}"
EndProject
Project("{2150E333-8FDC-42A3-9474-1A3956D46DE8}") = "Solution Items", "Solution Items", "{96F4D409-46F5-4E67-9994-80FC55051FFF}"
	ProjectSection(SolutionItems) = preProject
		.gitignore = .gitignore
		Directory.Build.props = Directory.Build.props
		Directory.Packages.props = Directory.Packages.props
		nuget.config = nuget.config
		README.md = README.md
	EndProjectSection
EndProject
Project("{FAE04EC0-301F-11D3-BF4B-00C04F79EFBC}") = "WebApplication1", "WebApplication1\WebApplication1.csproj", "{CAE08E5E-9AFF-4601-98F3-BDBB12BEBE56}"
EndProject
Global
	GlobalSection(SolutionConfigurationPlatforms) = preSolution
		Debug|Any CPU = Debug|Any CPU
		Release|Any CPU = Release|Any CPU
	EndGlobalSection
	GlobalSection(ProjectConfigurationPlatforms) = postSolution
		{E0A3AB43-7B1C-404A-9FB4-01F273473BEA}.Debug|Any CPU.ActiveCfg = Debug|Any CPU
		{E0A3AB43-7B1C-404A-9FB4-01F273473BEA}.Debug|Any CPU.Build.0 = Debug|Any CPU
		{E0A3AB43-7B1C-404A-9FB4-01F273473BEA}.Release|Any CPU.ActiveCfg = Release|Any CPU
		{E0A3AB43-7B1C-404A-9FB4-01F273473BEA}.Release|Any CPU.Build.0 = Release|Any CPU
		{38DFF658-8D7A-4DE6-A602-2E923632E582}.Debug|Any CPU.ActiveCfg = Debug|Any CPU
		{38DFF658-8D7A-4DE6-A602-2E923632E582}.Debug|Any CPU.Build.0 = Debug|Any CPU
		{38DFF658-8D7A-4DE6-A602-2E923632E582}.Release|Any CPU.ActiveCfg = Release|Any CPU
		{38DFF658-8D7A-4DE6-A602-2E923632E582}.Release|Any CPU.Build.0 = Release|Any CPU
		{CAE08E5E-9AFF-4601-98F3-BDBB12BEBE56}.Debug|Any CPU.ActiveCfg = Debug|Any CPU
		{CAE08E5E-9AFF-4601-98F3-BDBB12BEBE56}.Debug|Any CPU.Build.0 = Debug|Any CPU
		{CAE08E5E-9AFF-4601-98F3-BDBB12BEBE56}.Release|Any CPU.ActiveCfg = Release|Any CPU
		{CAE08E5E-9AFF-4601-98F3-BDBB12BEBE56}.Release|Any CPU.Build.0 = Release|Any CPU
	EndGlobalSection
	GlobalSection(SolutionProperties) = preSolution
		HideSolutionNode = FALSE
	EndGlobalSection
	GlobalSection(ExtensibilityGlobals) = postSolution
		SolutionGuid = {6D2DBF52-A10F-414D-AA74-A18B1EA7C5A5}
	EndGlobalSection
EndGlobal
